{
  "object": {
    "pins": [
      {
        "package": "SwiftFormat",
        "repositoryURL": "https://github.com/nicklockwood/SwiftFormat",
        "state": {
          "branch": null,
          "revision": "f1cf941d5bebe1e463d56e67c642fa7ed289f310",
          "version": "0.50.9"
        }
      }
    ]
  },
  "version": 1
}
