// !$*UTF8*$!
{
	archiveVersion = 1;
	classes = {
	};
	objectVersion = 56;
	objects = {

/* Begin PBXBuildFile section */
		1E5F6032565560926655682E /* NoNetworkErrorViewModelTests.swift in Sources */ = {isa = PBXBuildFile; fileRef = 1E5F6A3C5FCF6A4DB1929770 /* NoNetworkErrorViewModelTests.swift */; };
		1E5F605125D42FB8960C0331 /* PresentationMode.swift in Sources */ = {isa = PBXBuildFile; fileRef = 1E5F6F7B0D77DAC49B1AA572 /* PresentationMode.swift */; };
		1E5F607219701A665073EF65 /* FakeURLOpener.swift in Sources */ = {isa = PBXBuildFile; fileRef = 1E5F66846B3EFF7ECAE093C5 /* FakeURLOpener.swift */; };
		1E5F62237B9AE01506DA133E /* ApplicationSecurityError.swift in Sources */ = {isa = PBXBuildFile; fileRef = 1E5F60000E6794F38A164AFE /* ApplicationSecurityError.swift */; };
		1E5F622ECA9C646063B0390D /* AppUrl.swift in Sources */ = {isa = PBXBuildFile; fileRef = 1E5F635FA8B71150AB3A7056 /* AppUrl.swift */; };
		1E5F6251C4EF083AE5B24DB2 /* ErrorViewModel.swift in Sources */ = {isa = PBXBuildFile; fileRef = 1E5F6054BE3E83D0443266F2 /* ErrorViewModel.swift */; };
		1E5F62C26A80016A75471900 /* PrimaryButton.swift in Sources */ = {isa = PBXBuildFile; fileRef = 1E5F6ABA7B8A382C2717AA44 /* PrimaryButton.swift */; };
		1E5F63296471706EC51AB85C /* XCTestCaseSnapshotExtensions.swift in Sources */ = {isa = PBXBuildFile; fileRef = 1E5F6924A08858962E3D5D4E /* XCTestCaseSnapshotExtensions.swift */; };
		1E5F647FD20BF5BFA964E4E3 /* AppUpdateAvailabilityChecker.swift in Sources */ = {isa = PBXBuildFile; fileRef = 1E5F64E3F7E0E9B5D2024F72 /* AppUpdateAvailabilityChecker.swift */; };
		1E5F64BDD8F49F648E57EA5F /* AppStoreVersionProvider.swift in Sources */ = {isa = PBXBuildFile; fileRef = 1E5F61494E29B2444A843241 /* AppStoreVersionProvider.swift */; };
		1E5F6522E0E30970853596DD /* FakeAppUpdateAvailabilityChecker.swift in Sources */ = {isa = PBXBuildFile; fileRef = 1E5F60F1482E093C04F4D92E /* FakeAppUpdateAvailabilityChecker.swift */; };
		1E5F6532C6D3E8A86674AF75 /* AppVersionProvider.swift in Sources */ = {isa = PBXBuildFile; fileRef = 1E5F69B6D1FAD851409DD030 /* AppVersionProvider.swift */; };
		1E5F6577C022A9FEFEA2B13F /* TextStyles.swift in Sources */ = {isa = PBXBuildFile; fileRef = 1E5F66F03A675EE05AF49D1A /* TextStyles.swift */; };
		1E5F661C560B765EEF09B7FE /* FakeNetworkConnectionChecker.swift in Sources */ = {isa = PBXBuildFile; fileRef = 1E5F69E8D74C5E141AE75077 /* FakeNetworkConnectionChecker.swift */; };
		1E5F6946585B55755B5A802C /* BackendUnavailableErrorViewModel.swift in Sources */ = {isa = PBXBuildFile; fileRef = 1E5F622D4C16F8292852E78F /* BackendUnavailableErrorViewModel.swift */; };
		1E5F697E29311207C6D51FC1 /* NavigationRoute.swift in Sources */ = {isa = PBXBuildFile; fileRef = 1E5F69300DB4A978CE1AC846 /* NavigationRoute.swift */; };
		1E5F69D47F3485E0CF404FE4 /* AppUpdateRequiredErrorViewModelTests.swift in Sources */ = {isa = PBXBuildFile; fileRef = 1E5F6530819320B8942AFEE1 /* AppUpdateRequiredErrorViewModelTests.swift */; };
		1E5F69FB1365212E43198A6B /* LeadIcon.swift in Sources */ = {isa = PBXBuildFile; fileRef = 1E5F62C2944E80FB86B137CD /* LeadIcon.swift */; };
		1E5F6A5E38BE7BCFAAA14BEA /* ErrorView.swift in Sources */ = {isa = PBXBuildFile; fileRef = 1E5F66D584C51434AD7FEB36 /* ErrorView.swift */; };
		1E5F6A7D1EC17E88E84BF8A0 /* NetworkConnectionChecker.swift in Sources */ = {isa = PBXBuildFile; fileRef = 1E5F6CC93912432D9031497C /* NetworkConnectionChecker.swift */; };
		1E5F6AADDB52581DAD24D33C /* NavigationRouterTests.swift in Sources */ = {isa = PBXBuildFile; fileRef = 1E5F62898E3E922AD0858955 /* NavigationRouterTests.swift */; };
		1E5F6AB3CEABD631BCB1CB1B /* SecurityIssuesErrorViewModel.swift in Sources */ = {isa = PBXBuildFile; fileRef = 1E5F69282B3320CACA933DB7 /* SecurityIssuesErrorViewModel.swift */; };
		1E5F6AC5CCDEF0AFA4634978 /* ErrorViewConfiguration.swift in Sources */ = {isa = PBXBuildFile; fileRef = 1E5F67DB37788B0C96F93A6D /* ErrorViewConfiguration.swift */; };
		1E5F6AE0D1F184313B6116CE /* ImageStyles.swift in Sources */ = {isa = PBXBuildFile; fileRef = 1E5F63BC949D17EBC38C2DF2 /* ImageStyles.swift */; };
		1E5F6AFA143A077B4AE83326 /* SecondaryButton.swift in Sources */ = {isa = PBXBuildFile; fileRef = 1E5F6EF5B1F0E2052BE2138B /* SecondaryButton.swift */; };
		1E5F6BA95EDEF9F780A4F2DB /* NavigationRouter.swift in Sources */ = {isa = PBXBuildFile; fileRef = 1E5F626EAF71F5841031CBE7 /* NavigationRouter.swift */; };
		1E5F6C0461634228936C348D /* PopupRoute.swift in Sources */ = {isa = PBXBuildFile; fileRef = 1E5F65CB0E771D48339779A8 /* PopupRoute.swift */; };
		1E5F6C2D572FDF6BE7232256 /* Navigator.swift in Sources */ = {isa = PBXBuildFile; fileRef = 1E5F65448120C8683CCB173F /* Navigator.swift */; };
		1E5F6C9396F3566B96F41F6F /* ErrorViewTests.swift in Sources */ = {isa = PBXBuildFile; fileRef = 1E5F639F69139725769114E3 /* ErrorViewTests.swift */; };
		1E5F6CD4588AD3533B6A267B /* BackendStatusChecker.swift in Sources */ = {isa = PBXBuildFile; fileRef = 1E5F6553564F474B55D3947C /* BackendStatusChecker.swift */; };
		1E5F6CD69029EB4EFB38FD79 /* AppUpdateRequiredErrorViewModel.swift in Sources */ = {isa = PBXBuildFile; fileRef = 1E5F6F18ACCBDA0777F63F43 /* AppUpdateRequiredErrorViewModel.swift */; };
		1E5F6D3BBDC47FCA2434875F /* FakeErrorViewModel.swift in Sources */ = {isa = PBXBuildFile; fileRef = 1E5F6F7567AFD2C7BD50C68D /* FakeErrorViewModel.swift */; };
		1E5F6D6D45300D3D21A7BA02 /* NoNetworkErrorViewModel.swift in Sources */ = {isa = PBXBuildFile; fileRef = 1E5F660789885FFE233B5C0C /* NoNetworkErrorViewModel.swift */; };
		1E5F6DFD672E19EDE339ABD2 /* NetworkError.swift in Sources */ = {isa = PBXBuildFile; fileRef = 1E5F640E0B776D50E3E82C08 /* NetworkError.swift */; };
		1E5F6E32C899754B1E86A2CE /* FakeNavigationRouter.swift in Sources */ = {isa = PBXBuildFile; fileRef = 1E5F6E1A2949BC224DEFF8DD /* FakeNavigationRouter.swift */; };
		1E5F6E792A42CD15A979BDE4 /* ButtonStyles.swift in Sources */ = {isa = PBXBuildFile; fileRef = 1E5F63B596DC0AF6D655129B /* ButtonStyles.swift */; };
		1E5F6F2BE9E3661270279B78 /* SecurityIssuesErrorViewModelTests.swift in Sources */ = {isa = PBXBuildFile; fileRef = 1E5F647F7FF7DD8CF9DAD468 /* SecurityIssuesErrorViewModelTests.swift */; };
		1E5F6FD6E4E4DFEA087795B8 /* URLOpener.swift in Sources */ = {isa = PBXBuildFile; fileRef = 1E5F6F6DC7698E3EB4578C7A /* URLOpener.swift */; };
		2231521D29B9EA7A00FE2660 /* LoaderView.swift in Sources */ = {isa = PBXBuildFile; fileRef = 2231521C29B9EA7A00FE2660 /* LoaderView.swift */; };
		227D79AF29ADDC7D00089161 /* KISSViewsApp.swift in Sources */ = {isa = PBXBuildFile; fileRef = 227D79AE29ADDC7D00089161 /* KISSViewsApp.swift */; };
		227D79B329ADDC7E00089161 /* Assets.xcassets in Resources */ = {isa = PBXBuildFile; fileRef = 227D79B229ADDC7E00089161 /* Assets.xcassets */; };
		227D79B629ADDC7E00089161 /* Preview Assets.xcassets in Resources */ = {isa = PBXBuildFile; fileRef = 227D79B529ADDC7E00089161 /* Preview Assets.xcassets */; };
		227D79DA29ADE10700089161 /* HomeView.swift in Sources */ = {isa = PBXBuildFile; fileRef = 227D79D929ADE10700089161 /* HomeView.swift */; };
		227D79E829AE03F400089161 /* PreviewFixtures.swift in Sources */ = {isa = PBXBuildFile; fileRef = 227D79E729AE03F400089161 /* PreviewFixtures.swift */; };
		22A6A8A629BB229100F1B464 /* SnapshotTesting in Frameworks */ = {isa = PBXBuildFile; productRef = 22A6A8A529BB229100F1B464 /* SnapshotTesting */; };
/* End PBXBuildFile section */

/* Begin PBXContainerItemProxy section */
		227D79BC29ADDC7E00089161 /* PBXContainerItemProxy */ = {
			isa = PBXContainerItemProxy;
			containerPortal = 227D79A329ADDC7D00089161 /* Project object */;
			proxyType = 1;
			remoteGlobalIDString = 227D79AA29ADDC7D00089161;
			remoteInfo = "KISS Views";
		};
/* End PBXContainerItemProxy section */

/* Begin PBXFileReference section */
		1E5F60000E6794F38A164AFE /* ApplicationSecurityError.swift */ = {isa = PBXFileReference; fileEncoding = 4; lastKnownFileType = sourcecode.swift; path = ApplicationSecurityError.swift; sourceTree = "<group>"; };
		1E5F6054BE3E83D0443266F2 /* ErrorViewModel.swift */ = {isa = PBXFileReference; fileEncoding = 4; lastKnownFileType = sourcecode.swift; path = ErrorViewModel.swift; sourceTree = "<group>"; };
		1E5F60F1482E093C04F4D92E /* FakeAppUpdateAvailabilityChecker.swift */ = {isa = PBXFileReference; fileEncoding = 4; lastKnownFileType = sourcecode.swift; path = FakeAppUpdateAvailabilityChecker.swift; sourceTree = "<group>"; };
		1E5F61494E29B2444A843241 /* AppStoreVersionProvider.swift */ = {isa = PBXFileReference; fileEncoding = 4; lastKnownFileType = sourcecode.swift; path = AppStoreVersionProvider.swift; sourceTree = "<group>"; };
		1E5F622D4C16F8292852E78F /* BackendUnavailableErrorViewModel.swift */ = {isa = PBXFileReference; fileEncoding = 4; lastKnownFileType = sourcecode.swift; path = BackendUnavailableErrorViewModel.swift; sourceTree = "<group>"; };
		1E5F626EAF71F5841031CBE7 /* NavigationRouter.swift */ = {isa = PBXFileReference; fileEncoding = 4; lastKnownFileType = sourcecode.swift; path = NavigationRouter.swift; sourceTree = "<group>"; };
		1E5F62898E3E922AD0858955 /* NavigationRouterTests.swift */ = {isa = PBXFileReference; fileEncoding = 4; lastKnownFileType = sourcecode.swift; path = NavigationRouterTests.swift; sourceTree = "<group>"; };
		1E5F62C2944E80FB86B137CD /* LeadIcon.swift */ = {isa = PBXFileReference; fileEncoding = 4; lastKnownFileType = sourcecode.swift; path = LeadIcon.swift; sourceTree = "<group>"; };
		1E5F635FA8B71150AB3A7056 /* AppUrl.swift */ = {isa = PBXFileReference; fileEncoding = 4; lastKnownFileType = sourcecode.swift; path = AppUrl.swift; sourceTree = "<group>"; };
		1E5F639F69139725769114E3 /* ErrorViewTests.swift */ = {isa = PBXFileReference; fileEncoding = 4; lastKnownFileType = sourcecode.swift; path = ErrorViewTests.swift; sourceTree = "<group>"; };
		1E5F63B596DC0AF6D655129B /* ButtonStyles.swift */ = {isa = PBXFileReference; fileEncoding = 4; lastKnownFileType = sourcecode.swift; path = ButtonStyles.swift; sourceTree = "<group>"; };
		1E5F63BC949D17EBC38C2DF2 /* ImageStyles.swift */ = {isa = PBXFileReference; fileEncoding = 4; lastKnownFileType = sourcecode.swift; path = ImageStyles.swift; sourceTree = "<group>"; };
		1E5F640E0B776D50E3E82C08 /* NetworkError.swift */ = {isa = PBXFileReference; fileEncoding = 4; lastKnownFileType = sourcecode.swift; path = NetworkError.swift; sourceTree = "<group>"; };
		1E5F647F7FF7DD8CF9DAD468 /* SecurityIssuesErrorViewModelTests.swift */ = {isa = PBXFileReference; fileEncoding = 4; lastKnownFileType = sourcecode.swift; path = SecurityIssuesErrorViewModelTests.swift; sourceTree = "<group>"; };
		1E5F64E3F7E0E9B5D2024F72 /* AppUpdateAvailabilityChecker.swift */ = {isa = PBXFileReference; fileEncoding = 4; lastKnownFileType = sourcecode.swift; path = AppUpdateAvailabilityChecker.swift; sourceTree = "<group>"; };
		1E5F6530819320B8942AFEE1 /* AppUpdateRequiredErrorViewModelTests.swift */ = {isa = PBXFileReference; fileEncoding = 4; lastKnownFileType = sourcecode.swift; path = AppUpdateRequiredErrorViewModelTests.swift; sourceTree = "<group>"; };
		1E5F65448120C8683CCB173F /* Navigator.swift */ = {isa = PBXFileReference; fileEncoding = 4; lastKnownFileType = sourcecode.swift; path = Navigator.swift; sourceTree = "<group>"; };
		1E5F6553564F474B55D3947C /* BackendStatusChecker.swift */ = {isa = PBXFileReference; fileEncoding = 4; lastKnownFileType = sourcecode.swift; path = BackendStatusChecker.swift; sourceTree = "<group>"; };
		1E5F65CB0E771D48339779A8 /* PopupRoute.swift */ = {isa = PBXFileReference; fileEncoding = 4; lastKnownFileType = sourcecode.swift; path = PopupRoute.swift; sourceTree = "<group>"; };
		1E5F660789885FFE233B5C0C /* NoNetworkErrorViewModel.swift */ = {isa = PBXFileReference; fileEncoding = 4; lastKnownFileType = sourcecode.swift; path = NoNetworkErrorViewModel.swift; sourceTree = "<group>"; };
		1E5F66846B3EFF7ECAE093C5 /* FakeURLOpener.swift */ = {isa = PBXFileReference; fileEncoding = 4; lastKnownFileType = sourcecode.swift; path = FakeURLOpener.swift; sourceTree = "<group>"; };
		1E5F66D584C51434AD7FEB36 /* ErrorView.swift */ = {isa = PBXFileReference; fileEncoding = 4; lastKnownFileType = sourcecode.swift; path = ErrorView.swift; sourceTree = "<group>"; };
		1E5F66F03A675EE05AF49D1A /* TextStyles.swift */ = {isa = PBXFileReference; fileEncoding = 4; lastKnownFileType = sourcecode.swift; path = TextStyles.swift; sourceTree = "<group>"; };
		1E5F67DB37788B0C96F93A6D /* ErrorViewConfiguration.swift */ = {isa = PBXFileReference; fileEncoding = 4; lastKnownFileType = sourcecode.swift; path = ErrorViewConfiguration.swift; sourceTree = "<group>"; };
		1E5F6924A08858962E3D5D4E /* XCTestCaseSnapshotExtensions.swift */ = {isa = PBXFileReference; fileEncoding = 4; lastKnownFileType = sourcecode.swift; path = XCTestCaseSnapshotExtensions.swift; sourceTree = "<group>"; };
		1E5F69282B3320CACA933DB7 /* SecurityIssuesErrorViewModel.swift */ = {isa = PBXFileReference; fileEncoding = 4; lastKnownFileType = sourcecode.swift; path = SecurityIssuesErrorViewModel.swift; sourceTree = "<group>"; };
		1E5F69300DB4A978CE1AC846 /* NavigationRoute.swift */ = {isa = PBXFileReference; fileEncoding = 4; lastKnownFileType = sourcecode.swift; path = NavigationRoute.swift; sourceTree = "<group>"; };
		1E5F69B6D1FAD851409DD030 /* AppVersionProvider.swift */ = {isa = PBXFileReference; fileEncoding = 4; lastKnownFileType = sourcecode.swift; path = AppVersionProvider.swift; sourceTree = "<group>"; };
		1E5F69E8D74C5E141AE75077 /* FakeNetworkConnectionChecker.swift */ = {isa = PBXFileReference; fileEncoding = 4; lastKnownFileType = sourcecode.swift; path = FakeNetworkConnectionChecker.swift; sourceTree = "<group>"; };
		1E5F6A3C5FCF6A4DB1929770 /* NoNetworkErrorViewModelTests.swift */ = {isa = PBXFileReference; fileEncoding = 4; lastKnownFileType = sourcecode.swift; path = NoNetworkErrorViewModelTests.swift; sourceTree = "<group>"; };
		1E5F6ABA7B8A382C2717AA44 /* PrimaryButton.swift */ = {isa = PBXFileReference; fileEncoding = 4; lastKnownFileType = sourcecode.swift; path = PrimaryButton.swift; sourceTree = "<group>"; };
		1E5F6CC93912432D9031497C /* NetworkConnectionChecker.swift */ = {isa = PBXFileReference; fileEncoding = 4; lastKnownFileType = sourcecode.swift; path = NetworkConnectionChecker.swift; sourceTree = "<group>"; };
		1E5F6E1A2949BC224DEFF8DD /* FakeNavigationRouter.swift */ = {isa = PBXFileReference; fileEncoding = 4; lastKnownFileType = sourcecode.swift; path = FakeNavigationRouter.swift; sourceTree = "<group>"; };
		1E5F6EF5B1F0E2052BE2138B /* SecondaryButton.swift */ = {isa = PBXFileReference; fileEncoding = 4; lastKnownFileType = sourcecode.swift; path = SecondaryButton.swift; sourceTree = "<group>"; };
		1E5F6F18ACCBDA0777F63F43 /* AppUpdateRequiredErrorViewModel.swift */ = {isa = PBXFileReference; fileEncoding = 4; lastKnownFileType = sourcecode.swift; path = AppUpdateRequiredErrorViewModel.swift; sourceTree = "<group>"; };
		1E5F6F6DC7698E3EB4578C7A /* URLOpener.swift */ = {isa = PBXFileReference; fileEncoding = 4; lastKnownFileType = sourcecode.swift; path = URLOpener.swift; sourceTree = "<group>"; };
		1E5F6F7567AFD2C7BD50C68D /* FakeErrorViewModel.swift */ = {isa = PBXFileReference; fileEncoding = 4; lastKnownFileType = sourcecode.swift; path = FakeErrorViewModel.swift; sourceTree = "<group>"; };
		1E5F6F7B0D77DAC49B1AA572 /* PresentationMode.swift */ = {isa = PBXFileReference; fileEncoding = 4; lastKnownFileType = sourcecode.swift; path = PresentationMode.swift; sourceTree = "<group>"; };
		2231521C29B9EA7A00FE2660 /* LoaderView.swift */ = {isa = PBXFileReference; lastKnownFileType = sourcecode.swift; path = LoaderView.swift; sourceTree = "<group>"; };
		227D79AB29ADDC7D00089161 /* KISS Views.app */ = {isa = PBXFileReference; explicitFileType = wrapper.application; includeInIndex = 0; path = "KISS Views.app"; sourceTree = BUILT_PRODUCTS_DIR; };
		227D79AE29ADDC7D00089161 /* KISSViewsApp.swift */ = {isa = PBXFileReference; lastKnownFileType = sourcecode.swift; path = KISSViewsApp.swift; sourceTree = "<group>"; };
		227D79B229ADDC7E00089161 /* Assets.xcassets */ = {isa = PBXFileReference; lastKnownFileType = folder.assetcatalog; path = Assets.xcassets; sourceTree = "<group>"; };
		227D79B529ADDC7E00089161 /* Preview Assets.xcassets */ = {isa = PBXFileReference; lastKnownFileType = folder.assetcatalog; path = "Preview Assets.xcassets"; sourceTree = "<group>"; };
		227D79BB29ADDC7E00089161 /* KISS ViewsTests.xctest */ = {isa = PBXFileReference; explicitFileType = wrapper.cfbundle; includeInIndex = 0; path = "KISS ViewsTests.xctest"; sourceTree = BUILT_PRODUCTS_DIR; };
		227D79D929ADE10700089161 /* HomeView.swift */ = {isa = PBXFileReference; lastKnownFileType = sourcecode.swift; path = HomeView.swift; sourceTree = "<group>"; };
		227D79E729AE03F400089161 /* PreviewFixtures.swift */ = {isa = PBXFileReference; lastKnownFileType = sourcecode.swift; path = PreviewFixtures.swift; sourceTree = "<group>"; };
/* End PBXFileReference section */

/* Begin PBXFrameworksBuildPhase section */
		227D79A829ADDC7D00089161 /* Frameworks */ = {
			isa = PBXFrameworksBuildPhase;
			buildActionMask = 2147483647;
			files = (
			);
			runOnlyForDeploymentPostprocessing = 0;
		};
		227D79B829ADDC7E00089161 /* Frameworks */ = {
			isa = PBXFrameworksBuildPhase;
			buildActionMask = 2147483647;
			files = (
				22A6A8A629BB229100F1B464 /* SnapshotTesting in Frameworks */,
			);
			runOnlyForDeploymentPostprocessing = 0;
		};
/* End PBXFrameworksBuildPhase section */

/* Begin PBXGroup section */
		1E5F6078B57268D85ADBD466 /* Navigation */ = {
			isa = PBXGroup;
			children = (
				1E5F62898E3E922AD0858955 /* NavigationRouterTests.swift */,
			);
			path = Navigation;
			sourceTree = "<group>";
		};
		1E5F62D454F95779F276EFE9 /* Navigation */ = {
			isa = PBXGroup;
			children = (
				1E5F626EAF71F5841031CBE7 /* NavigationRouter.swift */,
				1E5F69300DB4A978CE1AC846 /* NavigationRoute.swift */,
				1E5F65CB0E771D48339779A8 /* PopupRoute.swift */,
				1E5F6F7B0D77DAC49B1AA572 /* PresentationMode.swift */,
			);
			path = Navigation;
			sourceTree = "<group>";
		};
		1E5F633A893B33E22D17CF9E /* Test Helpers */ = {
			isa = PBXGroup;
			children = (
				1E5F6E7D8BF006B2BCE8A80E /* Mocks and Fakes */,
				1E5F63ADEBBAA77DBED50E58 /* Snapshots */,
			);
			path = "Test Helpers";
			sourceTree = "<group>";
		};
		1E5F635E5384429DFD180845 /* App Update */ = {
			isa = PBXGroup;
			children = (
				1E5F69B6D1FAD851409DD030 /* AppVersionProvider.swift */,
				1E5F64E3F7E0E9B5D2024F72 /* AppUpdateAvailabilityChecker.swift */,
				1E5F61494E29B2444A843241 /* AppStoreVersionProvider.swift */,
			);
			path = "App Update";
			sourceTree = "<group>";
		};
		1E5F63ADEBBAA77DBED50E58 /* Snapshots */ = {
			isa = PBXGroup;
			children = (
				1E5F6924A08858962E3D5D4E /* XCTestCaseSnapshotExtensions.swift */,
			);
			path = Snapshots;
			sourceTree = "<group>";
		};
		1E5F643D531FB323EDB85CE4 /* Style */ = {
			isa = PBXGroup;
			children = (
				1E5F66F03A675EE05AF49D1A /* TextStyles.swift */,
				1E5F63BC949D17EBC38C2DF2 /* ImageStyles.swift */,
				1E5F63B596DC0AF6D655129B /* ButtonStyles.swift */,
				1E5F62C2944E80FB86B137CD /* LeadIcon.swift */,
			);
			path = Style;
			sourceTree = "<group>";
		};
		1E5F647A991B5F33855CE816 /* Network Connection Checker */ = {
			isa = PBXGroup;
			children = (
				1E5F6CC93912432D9031497C /* NetworkConnectionChecker.swift */,
			);
			path = "Network Connection Checker";
			sourceTree = "<group>";
		};
		1E5F65DA1FB648F4008B4445 /* URL Opener */ = {
			isa = PBXGroup;
			children = (
				1E5F6F6DC7698E3EB4578C7A /* URLOpener.swift */,
				1E5F635FA8B71150AB3A7056 /* AppUrl.swift */,
			);
			path = "URL Opener";
			sourceTree = "<group>";
		};
		1E5F676904D48279AD271E3D /* Error View */ = {
			isa = PBXGroup;
			children = (
				1E5F639F69139725769114E3 /* ErrorViewTests.swift */,
				1E5F6B4ABD32CBA6D10DD2B3 /* ViewModel */,
			);
			path = "Error View";
			sourceTree = "<group>";
		};
		1E5F687431E3B142D9A9F529 /* Views */ = {
			isa = PBXGroup;
			children = (
				1E5F6ABA7B8A382C2717AA44 /* PrimaryButton.swift */,
				2231521C29B9EA7A00FE2660 /* LoaderView.swift */,
				1E5F6EF5B1F0E2052BE2138B /* SecondaryButton.swift */,
			);
			path = Views;
			sourceTree = "<group>";
		};
		1E5F6A3935FA513134BCF22E /* Error */ = {
			isa = PBXGroup;
			children = (
				1E5F640E0B776D50E3E82C08 /* NetworkError.swift */,
				1E5F60000E6794F38A164AFE /* ApplicationSecurityError.swift */,
			);
			path = Error;
			sourceTree = "<group>";
		};
		1E5F6B4ABD32CBA6D10DD2B3 /* ViewModel */ = {
			isa = PBXGroup;
			children = (
				1E5F6530819320B8942AFEE1 /* AppUpdateRequiredErrorViewModelTests.swift */,
				1E5F647F7FF7DD8CF9DAD468 /* SecurityIssuesErrorViewModelTests.swift */,
				1E5F6A3C5FCF6A4DB1929770 /* NoNetworkErrorViewModelTests.swift */,
			);
			path = ViewModel;
			sourceTree = "<group>";
		};
		1E5F6C59711D5A1D06C51461 /* Good */ = {
			isa = PBXGroup;
			children = (
				1E5F6D0A2281DE906F818B13 /* ViewModel */,
				1E5F67DB37788B0C96F93A6D /* ErrorViewConfiguration.swift */,
				1E5F66D584C51434AD7FEB36 /* ErrorView.swift */,
			);
			path = Good;
			sourceTree = "<group>";
		};
		1E5F6D0A2281DE906F818B13 /* ViewModel */ = {
			isa = PBXGroup;
			children = (
				1E5F6054BE3E83D0443266F2 /* ErrorViewModel.swift */,
				1E5F660789885FFE233B5C0C /* NoNetworkErrorViewModel.swift */,
				1E5F622D4C16F8292852E78F /* BackendUnavailableErrorViewModel.swift */,
				1E5F69282B3320CACA933DB7 /* SecurityIssuesErrorViewModel.swift */,
				1E5F6F18ACCBDA0777F63F43 /* AppUpdateRequiredErrorViewModel.swift */,
				1E5F65448120C8683CCB173F /* Navigator.swift */,
			);
			path = ViewModel;
			sourceTree = "<group>";
		};
		1E5F6D515290E3D00F89E102 /* Common */ = {
			isa = PBXGroup;
			children = (
				1E5F6078B57268D85ADBD466 /* Navigation */,
				1E5F676904D48279AD271E3D /* Error View */,
			);
			path = Common;
			sourceTree = "<group>";
		};
		1E5F6E7D51E94608080BF8B9 /* Bad */ = {
			isa = PBXGroup;
			children = (
			);
			path = Bad;
			sourceTree = "<group>";
		};
		1E5F6E7D8BF006B2BCE8A80E /* Mocks and Fakes */ = {
			isa = PBXGroup;
			children = (
				1E5F6F7567AFD2C7BD50C68D /* FakeErrorViewModel.swift */,
				1E5F6E1A2949BC224DEFF8DD /* FakeNavigationRouter.swift */,
				1E5F60F1482E093C04F4D92E /* FakeAppUpdateAvailabilityChecker.swift */,
				1E5F66846B3EFF7ECAE093C5 /* FakeURLOpener.swift */,
				1E5F69E8D74C5E141AE75077 /* FakeNetworkConnectionChecker.swift */,
			);
			path = "Mocks and Fakes";
			sourceTree = "<group>";
		};
		1E5F6EB6BA1B88743C5EBA56 /* Backend Status Checker */ = {
			isa = PBXGroup;
			children = (
				1E5F6553564F474B55D3947C /* BackendStatusChecker.swift */,
			);
			path = "Backend Status Checker";
			sourceTree = "<group>";
		};
		227D79A229ADDC7D00089161 = {
			isa = PBXGroup;
			children = (
				227D79AD29ADDC7D00089161 /* KISS Views */,
				227D79BE29ADDC7E00089161 /* KISS ViewsTests */,
				227D79AC29ADDC7D00089161 /* Products */,
				22A6A8A429BB229100F1B464 /* Frameworks */,
			);
			sourceTree = "<group>";
		};
		227D79AC29ADDC7D00089161 /* Products */ = {
			isa = PBXGroup;
			children = (
				227D79AB29ADDC7D00089161 /* KISS Views.app */,
				227D79BB29ADDC7E00089161 /* KISS ViewsTests.xctest */,
			);
			name = Products;
			sourceTree = "<group>";
		};
		227D79AD29ADDC7D00089161 /* KISS Views */ = {
			isa = PBXGroup;
			children = (
				227D79E629AE03C900089161 /* Preview Fixtures */,
				227D79DC29ADE1BC00089161 /* Common */,
				227D79DB29ADE11800089161 /* Error View */,
				227D79D829ADE0F100089161 /* Home */,
				227D79AE29ADDC7D00089161 /* KISSViewsApp.swift */,
				227D79B229ADDC7E00089161 /* Assets.xcassets */,
				227D79B429ADDC7E00089161 /* Preview Content */,
			);
			path = "KISS Views";
			sourceTree = "<group>";
		};
		227D79B429ADDC7E00089161 /* Preview Content */ = {
			isa = PBXGroup;
			children = (
				227D79B529ADDC7E00089161 /* Preview Assets.xcassets */,
			);
			path = "Preview Content";
			sourceTree = "<group>";
		};
		227D79BE29ADDC7E00089161 /* KISS ViewsTests */ = {
			isa = PBXGroup;
			children = (
				1E5F6D515290E3D00F89E102 /* Common */,
				1E5F633A893B33E22D17CF9E /* Test Helpers */,
			);
			path = "KISS ViewsTests";
			sourceTree = "<group>";
		};
		227D79D829ADE0F100089161 /* Home */ = {
			isa = PBXGroup;
			children = (
				227D79D929ADE10700089161 /* HomeView.swift */,
			);
			path = Home;
			sourceTree = "<group>";
		};
		227D79DB29ADE11800089161 /* Error View */ = {
			isa = PBXGroup;
			children = (
				1E5F6C59711D5A1D06C51461 /* Good */,
				1E5F6E7D51E94608080BF8B9 /* Bad */,
			);
			path = "Error View";
			sourceTree = "<group>";
		};
		227D79DC29ADE1BC00089161 /* Common */ = {
			isa = PBXGroup;
			children = (
				1E5F643D531FB323EDB85CE4 /* Style */,
				1E5F687431E3B142D9A9F529 /* Views */,
				1E5F62D454F95779F276EFE9 /* Navigation */,
				1E5F6A3935FA513134BCF22E /* Error */,
				1E5F635E5384429DFD180845 /* App Update */,
				1E5F65DA1FB648F4008B4445 /* URL Opener */,
				1E5F647A991B5F33855CE816 /* Network Connection Checker */,
				1E5F6EB6BA1B88743C5EBA56 /* Backend Status Checker */,
			);
			path = Common;
			sourceTree = "<group>";
		};
		227D79E629AE03C900089161 /* Preview Fixtures */ = {
			isa = PBXGroup;
			children = (
				227D79E729AE03F400089161 /* PreviewFixtures.swift */,
			);
			path = "Preview Fixtures";
			sourceTree = "<group>";
		};
		22A6A8A429BB229100F1B464 /* Frameworks */ = {
			isa = PBXGroup;
			children = (
			);
			name = Frameworks;
			sourceTree = "<group>";
		};
/* End PBXGroup section */

/* Begin PBXNativeTarget section */
		227D79AA29ADDC7D00089161 /* KISS Views */ = {
			isa = PBXNativeTarget;
			buildConfigurationList = 227D79CF29ADDC7E00089161 /* Build configuration list for PBXNativeTarget "KISS Views" */;
			buildPhases = (
				227D79DF29ADE2B500089161 /* SwiftFormat */,
				227D79A729ADDC7D00089161 /* Sources */,
				227D79A829ADDC7D00089161 /* Frameworks */,
				227D79A929ADDC7D00089161 /* Resources */,
			);
			buildRules = (
			);
			dependencies = (
			);
			name = "KISS Views";
			packageProductDependencies = (
			);
			productName = "KISS Views";
			productReference = 227D79AB29ADDC7D00089161 /* KISS Views.app */;
			productType = "com.apple.product-type.application";
		};
		227D79BA29ADDC7E00089161 /* KISS ViewsTests */ = {
			isa = PBXNativeTarget;
			buildConfigurationList = 227D79D229ADDC7E00089161 /* Build configuration list for PBXNativeTarget "KISS ViewsTests" */;
			buildPhases = (
				227D79B729ADDC7E00089161 /* Sources */,
				227D79B829ADDC7E00089161 /* Frameworks */,
				227D79B929ADDC7E00089161 /* Resources */,
			);
			buildRules = (
			);
			dependencies = (
				227D79BD29ADDC7E00089161 /* PBXTargetDependency */,
			);
			name = "KISS ViewsTests";
			packageProductDependencies = (
				22A6A8A529BB229100F1B464 /* SnapshotTesting */,
			);
			productName = "KISS ViewsTests";
			productReference = 227D79BB29ADDC7E00089161 /* KISS ViewsTests.xctest */;
			productType = "com.apple.product-type.bundle.unit-test";
		};
/* End PBXNativeTarget section */

/* Begin PBXProject section */
		227D79A329ADDC7D00089161 /* Project object */ = {
			isa = PBXProject;
			attributes = {
				BuildIndependentTargetsInParallel = 1;
				LastSwiftUpdateCheck = 1420;
				LastUpgradeCheck = 1420;
				TargetAttributes = {
					227D79AA29ADDC7D00089161 = {
						CreatedOnToolsVersion = 14.2;
					};
					227D79BA29ADDC7E00089161 = {
						CreatedOnToolsVersion = 14.2;
						TestTargetID = 227D79AA29ADDC7D00089161;
					};
				};
			};
			buildConfigurationList = 227D79A629ADDC7D00089161 /* Build configuration list for PBXProject "KISS Views" */;
			compatibilityVersion = "Xcode 14.0";
			developmentRegion = en;
			hasScannedForEncodings = 0;
			knownRegions = (
				en,
				Base,
			);
			mainGroup = 227D79A229ADDC7D00089161;
			packageReferences = (
				2231521E29BB09D800FE2660 /* XCRemoteSwiftPackageReference "swift-snapshot-testing" */,
			);
			productRefGroup = 227D79AC29ADDC7D00089161 /* Products */;
			projectDirPath = "";
			projectRoot = "";
			targets = (
				227D79AA29ADDC7D00089161 /* KISS Views */,
				227D79BA29ADDC7E00089161 /* KISS ViewsTests */,
			);
		};
/* End PBXProject section */

/* Begin PBXResourcesBuildPhase section */
		227D79A929ADDC7D00089161 /* Resources */ = {
			isa = PBXResourcesBuildPhase;
			buildActionMask = 2147483647;
			files = (
				227D79B629ADDC7E00089161 /* Preview Assets.xcassets in Resources */,
				227D79B329ADDC7E00089161 /* Assets.xcassets in Resources */,
			);
			runOnlyForDeploymentPostprocessing = 0;
		};
		227D79B929ADDC7E00089161 /* Resources */ = {
			isa = PBXResourcesBuildPhase;
			buildActionMask = 2147483647;
			files = (
			);
			runOnlyForDeploymentPostprocessing = 0;
		};
/* End PBXResourcesBuildPhase section */

/* Begin PBXShellScriptBuildPhase section */
		227D79DF29ADE2B500089161 /* SwiftFormat */ = {
			isa = PBXShellScriptBuildPhase;
			alwaysOutOfDate = 1;
			buildActionMask = 2147483647;
			files = (
			);
			inputFileListPaths = (
			);
			inputPaths = (
			);
			name = SwiftFormat;
			outputFileListPaths = (
			);
			outputPaths = (
			);
			runOnlyForDeploymentPostprocessing = 0;
			shellPath = /bin/sh;
			shellScript = "cd BuildTools\nSDKROOT=(xcrun --sdk macosx --show-sdk-path)\n#swift package update #Uncomment this line temporarily to update the version used to the latest matching your BuildTools/Package.swift file\nswift run -c release swiftformat \"$SRCROOT\"\n";
		};
/* End PBXShellScriptBuildPhase section */

/* Begin PBXSourcesBuildPhase section */
		227D79A729ADDC7D00089161 /* Sources */ = {
			isa = PBXSourcesBuildPhase;
			buildActionMask = 2147483647;
			files = (
				227D79DA29ADE10700089161 /* HomeView.swift in Sources */,
				227D79E829AE03F400089161 /* PreviewFixtures.swift in Sources */,
				2231521D29B9EA7A00FE2660 /* LoaderView.swift in Sources */,
				227D79AF29ADDC7D00089161 /* KISSViewsApp.swift in Sources */,
				1E5F6577C022A9FEFEA2B13F /* TextStyles.swift in Sources */,
				1E5F6AE0D1F184313B6116CE /* ImageStyles.swift in Sources */,
				1E5F6E792A42CD15A979BDE4 /* ButtonStyles.swift in Sources */,
				1E5F62C26A80016A75471900 /* PrimaryButton.swift in Sources */,
				1E5F6AFA143A077B4AE83326 /* SecondaryButton.swift in Sources */,
				1E5F6BA95EDEF9F780A4F2DB /* NavigationRouter.swift in Sources */,
				1E5F697E29311207C6D51FC1 /* NavigationRoute.swift in Sources */,
				1E5F6C0461634228936C348D /* PopupRoute.swift in Sources */,
				1E5F605125D42FB8960C0331 /* PresentationMode.swift in Sources */,
				1E5F6DFD672E19EDE339ABD2 /* NetworkError.swift in Sources */,
				1E5F69FB1365212E43198A6B /* LeadIcon.swift in Sources */,
				1E5F62237B9AE01506DA133E /* ApplicationSecurityError.swift in Sources */,
				1E5F6532C6D3E8A86674AF75 /* AppVersionProvider.swift in Sources */,
				1E5F647FD20BF5BFA964E4E3 /* AppUpdateAvailabilityChecker.swift in Sources */,
				1E5F64BDD8F49F648E57EA5F /* AppStoreVersionProvider.swift in Sources */,
				1E5F6FD6E4E4DFEA087795B8 /* URLOpener.swift in Sources */,
				1E5F622ECA9C646063B0390D /* AppUrl.swift in Sources */,
				1E5F6A7D1EC17E88E84BF8A0 /* NetworkConnectionChecker.swift in Sources */,
				1E5F6CD4588AD3533B6A267B /* BackendStatusChecker.swift in Sources */,
				1E5F6251C4EF083AE5B24DB2 /* ErrorViewModel.swift in Sources */,
				1E5F6D6D45300D3D21A7BA02 /* NoNetworkErrorViewModel.swift in Sources */,
				1E5F6946585B55755B5A802C /* BackendUnavailableErrorViewModel.swift in Sources */,
				1E5F6AB3CEABD631BCB1CB1B /* SecurityIssuesErrorViewModel.swift in Sources */,
				1E5F6CD69029EB4EFB38FD79 /* AppUpdateRequiredErrorViewModel.swift in Sources */,
				1E5F6C2D572FDF6BE7232256 /* Navigator.swift in Sources */,
				1E5F6AC5CCDEF0AFA4634978 /* ErrorViewConfiguration.swift in Sources */,
				1E5F6A5E38BE7BCFAAA14BEA /* ErrorView.swift in Sources */,
			);
			runOnlyForDeploymentPostprocessing = 0;
		};
		227D79B729ADDC7E00089161 /* Sources */ = {
			isa = PBXSourcesBuildPhase;
			buildActionMask = 2147483647;
			files = (
				1E5F6AADDB52581DAD24D33C /* NavigationRouterTests.swift in Sources */,
				1E5F6C9396F3566B96F41F6F /* ErrorViewTests.swift in Sources */,
				1E5F6D3BBDC47FCA2434875F /* FakeErrorViewModel.swift in Sources */,
				1E5F6E32C899754B1E86A2CE /* FakeNavigationRouter.swift in Sources */,
				1E5F63296471706EC51AB85C /* XCTestCaseSnapshotExtensions.swift in Sources */,
				1E5F69D47F3485E0CF404FE4 /* AppUpdateRequiredErrorViewModelTests.swift in Sources */,
				1E5F6522E0E30970853596DD /* FakeAppUpdateAvailabilityChecker.swift in Sources */,
				1E5F607219701A665073EF65 /* FakeURLOpener.swift in Sources */,
				1E5F6F2BE9E3661270279B78 /* SecurityIssuesErrorViewModelTests.swift in Sources */,
				1E5F6032565560926655682E /* NoNetworkErrorViewModelTests.swift in Sources */,
				1E5F661C560B765EEF09B7FE /* FakeNetworkConnectionChecker.swift in Sources */,
			);
			runOnlyForDeploymentPostprocessing = 0;
		};
/* End PBXSourcesBuildPhase section */

/* Begin PBXTargetDependency section */
		227D79BD29ADDC7E00089161 /* PBXTargetDependency */ = {
			isa = PBXTargetDependency;
			target = 227D79AA29ADDC7D00089161 /* KISS Views */;
			targetProxy = 227D79BC29ADDC7E00089161 /* PBXContainerItemProxy */;
		};
/* End PBXTargetDependency section */

/* Begin XCBuildConfiguration section */
		227D79CD29ADDC7E00089161 /* Debug */ = {
			isa = XCBuildConfiguration;
			buildSettings = {
				ALWAYS_SEARCH_USER_PATHS = NO;
				CLANG_ANALYZER_NONNULL = YES;
				CLANG_ANALYZER_NUMBER_OBJECT_CONVERSION = YES_AGGRESSIVE;
				CLANG_CXX_LANGUAGE_STANDARD = "gnu++20";
				CLANG_ENABLE_MODULES = YES;
				CLANG_ENABLE_OBJC_ARC = YES;
				CLANG_ENABLE_OBJC_WEAK = YES;
				CLANG_WARN_BLOCK_CAPTURE_AUTORELEASING = YES;
				CLANG_WARN_BOOL_CONVERSION = YES;
				CLANG_WARN_COMMA = YES;
				CLANG_WARN_CONSTANT_CONVERSION = YES;
				CLANG_WARN_DEPRECATED_OBJC_IMPLEMENTATIONS = YES;
				CLANG_WARN_DIRECT_OBJC_ISA_USAGE = YES_ERROR;
				CLANG_WARN_DOCUMENTATION_COMMENTS = YES;
				CLANG_WARN_EMPTY_BODY = YES;
				CLANG_WARN_ENUM_CONVERSION = YES;
				CLANG_WARN_INFINITE_RECURSION = YES;
				CLANG_WARN_INT_CONVERSION = YES;
				CLANG_WARN_NON_LITERAL_NULL_CONVERSION = YES;
				CLANG_WARN_OBJC_IMPLICIT_RETAIN_SELF = YES;
				CLANG_WARN_OBJC_LITERAL_CONVERSION = YES;
				CLANG_WARN_OBJC_ROOT_CLASS = YES_ERROR;
				CLANG_WARN_QUOTED_INCLUDE_IN_FRAMEWORK_HEADER = YES;
				CLANG_WARN_RANGE_LOOP_ANALYSIS = YES;
				CLANG_WARN_STRICT_PROTOTYPES = YES;
				CLANG_WARN_SUSPICIOUS_MOVE = YES;
				CLANG_WARN_UNGUARDED_AVAILABILITY = YES_AGGRESSIVE;
				CLANG_WARN_UNREACHABLE_CODE = YES;
				CLANG_WARN__DUPLICATE_METHOD_MATCH = YES;
				COPY_PHASE_STRIP = NO;
				CURRENT_PROJECT_VERSION = "";
				DEBUG_INFORMATION_FORMAT = dwarf;
				ENABLE_STRICT_OBJC_MSGSEND = YES;
				ENABLE_TESTABILITY = YES;
				GCC_C_LANGUAGE_STANDARD = gnu11;
				GCC_DYNAMIC_NO_PIC = NO;
				GCC_NO_COMMON_BLOCKS = YES;
				GCC_OPTIMIZATION_LEVEL = 0;
				GCC_PREPROCESSOR_DEFINITIONS = (
					"DEBUG=1",
					"$(inherited)",
				);
				GCC_WARN_64_TO_32_BIT_CONVERSION = YES;
				GCC_WARN_ABOUT_RETURN_TYPE = YES_ERROR;
				GCC_WARN_UNDECLARED_SELECTOR = YES;
				GCC_WARN_UNINITIALIZED_AUTOS = YES_AGGRESSIVE;
				GCC_WARN_UNUSED_FUNCTION = YES;
				GCC_WARN_UNUSED_VARIABLE = YES;
				IPHONEOS_DEPLOYMENT_TARGET = 16.2;
				MTL_ENABLE_DEBUG_INFO = INCLUDE_SOURCE;
				MTL_FAST_MATH = YES;
				ONLY_ACTIVE_ARCH = YES;
				SDKROOT = iphoneos;
				SWIFT_ACTIVE_COMPILATION_CONDITIONS = DEBUG;
				SWIFT_OPTIMIZATION_LEVEL = "-Onone";
				VERSIONING_SYSTEM = "";
			};
			name = Debug;
		};
		227D79CE29ADDC7E00089161 /* Release */ = {
			isa = XCBuildConfiguration;
			buildSettings = {
				ALWAYS_SEARCH_USER_PATHS = NO;
				CLANG_ANALYZER_NONNULL = YES;
				CLANG_ANALYZER_NUMBER_OBJECT_CONVERSION = YES_AGGRESSIVE;
				CLANG_CXX_LANGUAGE_STANDARD = "gnu++20";
				CLANG_ENABLE_MODULES = YES;
				CLANG_ENABLE_OBJC_ARC = YES;
				CLANG_ENABLE_OBJC_WEAK = YES;
				CLANG_WARN_BLOCK_CAPTURE_AUTORELEASING = YES;
				CLANG_WARN_BOOL_CONVERSION = YES;
				CLANG_WARN_COMMA = YES;
				CLANG_WARN_CONSTANT_CONVERSION = YES;
				CLANG_WARN_DEPRECATED_OBJC_IMPLEMENTATIONS = YES;
				CLANG_WARN_DIRECT_OBJC_ISA_USAGE = YES_ERROR;
				CLANG_WARN_DOCUMENTATION_COMMENTS = YES;
				CLANG_WARN_EMPTY_BODY = YES;
				CLANG_WARN_ENUM_CONVERSION = YES;
				CLANG_WARN_INFINITE_RECURSION = YES;
				CLANG_WARN_INT_CONVERSION = YES;
				CLANG_WARN_NON_LITERAL_NULL_CONVERSION = YES;
				CLANG_WARN_OBJC_IMPLICIT_RETAIN_SELF = YES;
				CLANG_WARN_OBJC_LITERAL_CONVERSION = YES;
				CLANG_WARN_OBJC_ROOT_CLASS = YES_ERROR;
				CLANG_WARN_QUOTED_INCLUDE_IN_FRAMEWORK_HEADER = YES;
				CLANG_WARN_RANGE_LOOP_ANALYSIS = YES;
				CLANG_WARN_STRICT_PROTOTYPES = YES;
				CLANG_WARN_SUSPICIOUS_MOVE = YES;
				CLANG_WARN_UNGUARDED_AVAILABILITY = YES_AGGRESSIVE;
				CLANG_WARN_UNREACHABLE_CODE = YES;
				CLANG_WARN__DUPLICATE_METHOD_MATCH = YES;
				COPY_PHASE_STRIP = NO;
				CURRENT_PROJECT_VERSION = "";
				DEBUG_INFORMATION_FORMAT = "dwarf-with-dsym";
				ENABLE_NS_ASSERTIONS = NO;
				ENABLE_STRICT_OBJC_MSGSEND = YES;
				GCC_C_LANGUAGE_STANDARD = gnu11;
				GCC_NO_COMMON_BLOCKS = YES;
				GCC_WARN_64_TO_32_BIT_CONVERSION = YES;
				GCC_WARN_ABOUT_RETURN_TYPE = YES_ERROR;
				GCC_WARN_UNDECLARED_SELECTOR = YES;
				GCC_WARN_UNINITIALIZED_AUTOS = YES_AGGRESSIVE;
				GCC_WARN_UNUSED_FUNCTION = YES;
				GCC_WARN_UNUSED_VARIABLE = YES;
				IPHONEOS_DEPLOYMENT_TARGET = 16.2;
				MTL_ENABLE_DEBUG_INFO = NO;
				MTL_FAST_MATH = YES;
				SDKROOT = iphoneos;
				SWIFT_COMPILATION_MODE = wholemodule;
				SWIFT_OPTIMIZATION_LEVEL = "-O";
				VALIDATE_PRODUCT = YES;
				VERSIONING_SYSTEM = "";
			};
			name = Release;
		};
		227D79D029ADDC7E00089161 /* Debug */ = {
			isa = XCBuildConfiguration;
			buildSettings = {
				ASSETCATALOG_COMPILER_APPICON_NAME = AppIcon;
				ASSETCATALOG_COMPILER_GLOBAL_ACCENT_COLOR_NAME = AccentColor;
				CODE_SIGN_STYLE = Manual;
				CURRENT_PROJECT_VERSION = 1;
				DEVELOPMENT_ASSET_PATHS = "\"KISS Views/Preview Content\"";
				DEVELOPMENT_TEAM = "";
				ENABLE_PREVIEWS = YES;
				GENERATE_INFOPLIST_FILE = YES;
				INFOPLIST_KEY_UIApplicationSceneManifest_Generation = YES;
				INFOPLIST_KEY_UIApplicationSupportsIndirectInputEvents = YES;
				INFOPLIST_KEY_UILaunchScreen_Generation = YES;
				INFOPLIST_KEY_UISupportedInterfaceOrientations = UIInterfaceOrientationPortrait;
				INFOPLIST_KEY_UISupportedInterfaceOrientations_iPad = "UIInterfaceOrientationLandscapeLeft UIInterfaceOrientationLandscapeRight UIInterfaceOrientationPortrait UIInterfaceOrientationPortraitUpsideDown";
				LD_RUNPATH_SEARCH_PATHS = (
					"$(inherited)",
					"@executable_path/Frameworks",
				);
				MARKETING_VERSION = 1.0.0;
				PRODUCT_BUNDLE_IDENTIFIER = com.swiftandmemes.kissViews;
				PRODUCT_NAME = "$(TARGET_NAME)";
				PROVISIONING_PROFILE_SPECIFIER = "";
				SUPPORTED_PLATFORMS = "iphoneos iphonesimulator";
				SUPPORTS_MACCATALYST = NO;
				SUPPORTS_MAC_DESIGNED_FOR_IPHONE_IPAD = NO;
				SWIFT_EMIT_LOC_STRINGS = YES;
				SWIFT_VERSION = 5.0;
				TARGETED_DEVICE_FAMILY = 1;
				VERSIONING_SYSTEM = "apple-generic";
			};
			name = Debug;
		};
		227D79D129ADDC7E00089161 /* Release */ = {
			isa = XCBuildConfiguration;
			buildSettings = {
				ASSETCATALOG_COMPILER_APPICON_NAME = AppIcon;
				ASSETCATALOG_COMPILER_GLOBAL_ACCENT_COLOR_NAME = AccentColor;
				CODE_SIGN_STYLE = Manual;
				CURRENT_PROJECT_VERSION = 1;
				DEVELOPMENT_ASSET_PATHS = "\"KISS Views/Preview Content\"";
				DEVELOPMENT_TEAM = "";
				ENABLE_PREVIEWS = YES;
				GENERATE_INFOPLIST_FILE = YES;
				INFOPLIST_KEY_UIApplicationSceneManifest_Generation = YES;
				INFOPLIST_KEY_UIApplicationSupportsIndirectInputEvents = YES;
				INFOPLIST_KEY_UILaunchScreen_Generation = YES;
				INFOPLIST_KEY_UISupportedInterfaceOrientations = UIInterfaceOrientationPortrait;
				INFOPLIST_KEY_UISupportedInterfaceOrientations_iPad = "UIInterfaceOrientationLandscapeLeft UIInterfaceOrientationLandscapeRight UIInterfaceOrientationPortrait UIInterfaceOrientationPortraitUpsideDown";
				LD_RUNPATH_SEARCH_PATHS = (
					"$(inherited)",
					"@executable_path/Frameworks",
				);
				MARKETING_VERSION = 1.0.0;
				PRODUCT_BUNDLE_IDENTIFIER = com.swiftandmemes.kissViews;
				PRODUCT_NAME = "$(TARGET_NAME)";
				PROVISIONING_PROFILE_SPECIFIER = "";
				SUPPORTED_PLATFORMS = "iphoneos iphonesimulator";
				SUPPORTS_MACCATALYST = NO;
				SUPPORTS_MAC_DESIGNED_FOR_IPHONE_IPAD = NO;
				SWIFT_EMIT_LOC_STRINGS = YES;
				SWIFT_VERSION = 5.0;
				TARGETED_DEVICE_FAMILY = 1;
				VERSIONING_SYSTEM = "apple-generic";
			};
			name = Release;
		};
		227D79D329ADDC7E00089161 /* Debug */ = {
			isa = XCBuildConfiguration;
			buildSettings = {
				ALWAYS_EMBED_SWIFT_STANDARD_LIBRARIES = YES;
				BUNDLE_LOADER = "$(TEST_HOST)";
				CODE_SIGN_STYLE = Automatic;
				CURRENT_PROJECT_VERSION = 1;
				DEVELOPMENT_TEAM = YWY3ABU78Y;
				GENERATE_INFOPLIST_FILE = YES;
				IPHONEOS_DEPLOYMENT_TARGET = 16.2;
				MARKETING_VERSION = 1.0;
				PRODUCT_BUNDLE_IDENTIFIER = "com.swiftandmemes.kissViews.KISS-ViewsTests";
				PRODUCT_NAME = "$(TARGET_NAME)";
				SWIFT_EMIT_LOC_STRINGS = NO;
				SWIFT_VERSION = 5.0;
				TARGETED_DEVICE_FAMILY = "1,2";
				TEST_HOST = "$(BUILT_PRODUCTS_DIR)/KISS Views.app/$(BUNDLE_EXECUTABLE_FOLDER_PATH)/KISS Views";
			};
			name = Debug;
		};
		227D79D429ADDC7E00089161 /* Release */ = {
			isa = XCBuildConfiguration;
			buildSettings = {
				ALWAYS_EMBED_SWIFT_STANDARD_LIBRARIES = YES;
				BUNDLE_LOADER = "$(TEST_HOST)";
				CODE_SIGN_STYLE = Automatic;
				CURRENT_PROJECT_VERSION = 1;
				DEVELOPMENT_TEAM = YWY3ABU78Y;
				GENERATE_INFOPLIST_FILE = YES;
				IPHONEOS_DEPLOYMENT_TARGET = 16.2;
				MARKETING_VERSION = 1.0;
				PRODUCT_BUNDLE_IDENTIFIER = "com.swiftandmemes.kissViews.KISS-ViewsTests";
				PRODUCT_NAME = "$(TARGET_NAME)";
				SWIFT_EMIT_LOC_STRINGS = NO;
				SWIFT_VERSION = 5.0;
				TARGETED_DEVICE_FAMILY = "1,2";
				TEST_HOST = "$(BUILT_PRODUCTS_DIR)/KISS Views.app/$(BUNDLE_EXECUTABLE_FOLDER_PATH)/KISS Views";
			};
			name = Release;
		};
/* End XCBuildConfiguration section */

/* Begin XCConfigurationList section */
		227D79A629ADDC7D00089161 /* Build configuration list for PBXProject "KISS Views" */ = {
			isa = XCConfigurationList;
			buildConfigurations = (
				227D79CD29ADDC7E00089161 /* Debug */,
				227D79CE29ADDC7E00089161 /* Release */,
			);
			defaultConfigurationIsVisible = 0;
			defaultConfigurationName = Release;
		};
		227D79CF29ADDC7E00089161 /* Build configuration list for PBXNativeTarget "KISS Views" */ = {
			isa = XCConfigurationList;
			buildConfigurations = (
				227D79D029ADDC7E00089161 /* Debug */,
				227D79D129ADDC7E00089161 /* Release */,
			);
			defaultConfigurationIsVisible = 0;
			defaultConfigurationName = Release;
		};
		227D79D229ADDC7E00089161 /* Build configuration list for PBXNativeTarget "KISS ViewsTests" */ = {
			isa = XCConfigurationList;
			buildConfigurations = (
				227D79D329ADDC7E00089161 /* Debug */,
				227D79D429ADDC7E00089161 /* Release */,
			);
			defaultConfigurationIsVisible = 0;
			defaultConfigurationName = Release;
		};
/* End XCConfigurationList section */

/* Begin XCRemoteSwiftPackageReference section */
		2231521E29BB09D800FE2660 /* XCRemoteSwiftPackageReference "swift-snapshot-testing" */ = {
			isa = XCRemoteSwiftPackageReference;
			repositoryURL = "https://github.com/pointfreeco/swift-snapshot-testing";
			requirement = {
				kind = upToNextMajorVersion;
				minimumVersion = 1.0.0;
			};
		};
/* End XCRemoteSwiftPackageReference section */

/* Begin XCSwiftPackageProductDependency section */
		22A6A8A529BB229100F1B464 /* SnapshotTesting */ = {
			isa = XCSwiftPackageProductDependency;
			package = 2231521E29BB09D800FE2660 /* XCRemoteSwiftPackageReference "swift-snapshot-testing" */;
			productName = SnapshotTesting;
		};
/* End XCSwiftPackageProductDependency section */
	};
	rootObject = 227D79A329ADDC7D00089161 /* Project object */;
}
